
Microsoft Visual Studio Solution File, Format Version 12.00
# Visual Studio Version 16
VisualStudioVersion = 16.0.28917.181
MinimumVisualStudioVersion = 10.0.40219.1
Project("{FAE04EC0-301F-11D3-BF4B-00C04F79EFBC}") = "Demo", "Demo\Demo.csproj", "{433FAA63-F4D4-4654-B6E5-DF3C63AC566A}"
EndProject
Project("{FAE04EC0-301F-11D3-BF4B-00C04F79EFBC}") = "IOCPServer", "IOCPServer\IOCPServer.csproj", "{DD050507-C732-494A-9625-34FE1BC6A4EC}"
EndProject
Global
	GlobalSection(SolutionConfigurationPlatforms) = preSolution
		Debug|Any CPU = Debug|Any CPU
		Release|Any CPU = Release|Any CPU
	EndGlobalSection
	GlobalSection(ProjectConfigurationPlatforms) = postSolution
		{433FAA63-F4D4-4654-B6E5-DF3C63AC566A}.Debug|Any CPU.ActiveCfg = Debug|Any CPU
		{433FAA63-F4D4-4654-B6E5-DF3C63AC566A}.Debug|Any CPU.Build.0 = Debug|Any CPU
		{433FAA63-F4D4-4654-B6E5-DF3C63AC566A}.Release|Any CPU.ActiveCfg = Release|Any CPU
		{433FAA63-F4D4-4654-B6E5-DF3C63AC566A}.Release|Any CPU.Build.0 = Release|Any CPU
		{DD050507-C732-494A-9625-34FE1BC6A4EC}.Debug|Any CPU.ActiveCfg = Debug|Any CPU
		{DD050507-C732-494A-9625-34FE1BC6A4EC}.Debug|Any CPU.Build.0 = Debug|Any CPU
		{DD050507-C732-494A-9625-34FE1BC6A4EC}.Release|Any CPU.ActiveCfg = Release|Any CPU
		{DD050507-C732-494A-9625-34FE1BC6A4EC}.Release|Any CPU.Build.0 = Release|Any CPU
	EndGlobalSection
	GlobalSection(SolutionProperties) = preSolution
		HideSolutionNode = FALSE
	EndGlobalSection
	GlobalSection(ExtensibilityGlobals) = postSolution
		SolutionGuid = {3A6CA81D-BF1B-47E8-A06E-48B3F51788E1}
	EndGlobalSection
EndGlobal
